
Microsoft Visual Studio Solution File, Format Version 12.00
# Visual Studio 15
VisualStudioVersion = 15.0.27004.2006
MinimumVisualStudioVersion = 10.0.40219.1
Project("{9A19103F-16F7-4668-BE54-9A1E7A4F7556}") = "BasicSendReceiveQuickStart", "BasicSendReceiveQuickStart\BasicSendReceiveQuickStart.csproj", "{80117AAA-0E68-4C9F-9DB9-3AB301FF2213}"
EndProject
Project("{9A19103F-16F7-4668-BE54-9A1E7A4F7556}") = "DLQAutoforwardingDeferral", "DLQAutoforwardingDeferral\DLQAutoforwardingDeferral.csproj", "{A6AFEFA7-CEE2-4556-947C-09B5AF105092}"
EndProject
Project("{FAE04EC0-301F-11D3-BF4B-00C04F79EFBC}") = "TopicFilters", "TopicFilters\TopicFilters.csproj", "{5CAEABAE-AA82-42E2-99D2-F8FF1376AC46}"
EndProject
Project("{FAE04EC0-301F-11D3-BF4B-00C04F79EFBC}") = "GeoReceiverActive", "GeoReceiverActive\GeoReceiverActive.csproj", "{D8A4832E-726C-4F8E-9271-4A46B2ADD73B}"
EndProject
Project("{FAE04EC0-301F-11D3-BF4B-00C04F79EFBC}") = "GeoReceiverPassive", "GeoReceiverPassive\GeoReceiverPassive.csproj", "{09F9C828-325A-459B-BC1E-B151A5A604FF}"
EndProject
Global
	GlobalSection(SolutionConfigurationPlatforms) = preSolution
		Debug|Any CPU = Debug|Any CPU
		Release|Any CPU = Release|Any CPU
	EndGlobalSection
	GlobalSection(ProjectConfigurationPlatforms) = postSolution
		{80117AAA-0E68-4C9F-9DB9-3AB301FF2213}.Debug|Any CPU.ActiveCfg = Debug|Any CPU
		{80117AAA-0E68-4C9F-9DB9-3AB301FF2213}.Debug|Any CPU.Build.0 = Debug|Any CPU
		{80117AAA-0E68-4C9F-9DB9-3AB301FF2213}.Release|Any CPU.ActiveCfg = Release|Any CPU
		{80117AAA-0E68-4C9F-9DB9-3AB301FF2213}.Release|Any CPU.Build.0 = Release|Any CPU
		{A6AFEFA7-CEE2-4556-947C-09B5AF105092}.Debug|Any CPU.ActiveCfg = Debug|Any CPU
		{A6AFEFA7-CEE2-4556-947C-09B5AF105092}.Debug|Any CPU.Build.0 = Debug|Any CPU
		{A6AFEFA7-CEE2-4556-947C-09B5AF105092}.Release|Any CPU.ActiveCfg = Release|Any CPU
		{A6AFEFA7-CEE2-4556-947C-09B5AF105092}.Release|Any CPU.Build.0 = Release|Any CPU
		{5CAEABAE-AA82-42E2-99D2-F8FF1376AC46}.Debug|Any CPU.ActiveCfg = Debug|Any CPU
		{5CAEABAE-AA82-42E2-99D2-F8FF1376AC46}.Debug|Any CPU.Build.0 = Debug|Any CPU
		{5CAEABAE-AA82-42E2-99D2-F8FF1376AC46}.Release|Any CPU.ActiveCfg = Release|Any CPU
		{5CAEABAE-AA82-42E2-99D2-F8FF1376AC46}.Release|Any CPU.Build.0 = Release|Any CPU
		{D8A4832E-726C-4F8E-9271-4A46B2ADD73B}.Debug|Any CPU.ActiveCfg = Debug|Any CPU
		{D8A4832E-726C-4F8E-9271-4A46B2ADD73B}.Debug|Any CPU.Build.0 = Debug|Any CPU
		{D8A4832E-726C-4F8E-9271-4A46B2ADD73B}.Release|Any CPU.ActiveCfg = Release|Any CPU
		{D8A4832E-726C-4F8E-9271-4A46B2ADD73B}.Release|Any CPU.Build.0 = Release|Any CPU
		{09F9C828-325A-459B-BC1E-B151A5A604FF}.Debug|Any CPU.ActiveCfg = Debug|Any CPU
		{09F9C828-325A-459B-BC1E-B151A5A604FF}.Debug|Any CPU.Build.0 = Debug|Any CPU
		{09F9C828-325A-459B-BC1E-B151A5A604FF}.Release|Any CPU.ActiveCfg = Release|Any CPU
		{09F9C828-325A-459B-BC1E-B151A5A604FF}.Release|Any CPU.Build.0 = Release|Any CPU
	EndGlobalSection
	GlobalSection(SolutionProperties) = preSolution
		HideSolutionNode = FALSE
	EndGlobalSection
	GlobalSection(ExtensibilityGlobals) = postSolution
		SolutionGuid = {8CC2B9DD-B0C7-46D4-9003-EDC27CA6F8F4}
	EndGlobalSection
EndGlobal
